
Microsoft Visual Studio Solution File, Format Version 12.00
# Visual Studio Version 17
VisualStudioVersion = 17.6.33829.357
MinimumVisualStudioVersion = 10.0.40219.1
Project("{FAE04EC0-301F-11D3-BF4B-00C04F79EFBC}") = "DelegatorOperatorPrac", "DelegatorOperatorPrac\DelegatorOperatorPrac.csproj", "{C03E31AB-44BB-4D34-81EA-ADD5F125595F}"
EndProject
Global
	GlobalSection(SolutionConfigurationPlatforms) = preSolution
		Debug|Any CPU = Debug|Any CPU
		Release|Any CPU = Release|Any CPU
	EndGlobalSection
	GlobalSection(ProjectConfigurationPlatforms) = postSolution
		{C03E31AB-44BB-4D34-81EA-ADD5F125595F}.Debug|Any CPU.ActiveCfg = Debug|Any CPU
		{C03E31AB-44BB-4D34-81EA-ADD5F125595F}.Debug|Any CPU.Build.0 = Debug|Any CPU
		{C03E31AB-44BB-4D34-81EA-ADD5F125595F}.Release|Any CPU.ActiveCfg = Release|Any CPU
		{C03E31AB-44BB-4D34-81EA-ADD5F125595F}.Release|Any CPU.Build.0 = Release|Any CPU
	EndGlobalSection
	GlobalSection(SolutionProperties) = preSolution
		HideSolutionNode = FALSE
	EndGlobalSection
	GlobalSection(ExtensibilityGlobals) = postSolution
		SolutionGuid = {F2542A8F-1354-4522-BAFC-9D893D546DEB}
	EndGlobalSection
EndGlobal
